
Microsoft Visual Studio Solution File, Format Version 12.00
# Visual Studio Version 17
VisualStudioVersion = 17.0.32014.148
MinimumVisualStudioVersion = 10.0.40219.1
Project("{FAE04EC0-301F-11D3-BF4B-00C04F79EFBC}") = "MarsRover", "MarsRover.csproj", "{D45A09A4-F7DB-4B3E-96C6-8DB8384D3CCD}"
EndProject
Project("{FAE04EC0-301F-11D3-BF4B-00C04F79EFBC}") = "MarsRoverTest", "..\MarsRoverTest\MarsRoverTest.csproj", "{36C73F5A-01B9-495C-8774-D7CE77ECEEB0}"
EndProject
Global
	GlobalSection(SolutionConfigurationPlatforms) = preSolution
		Debug|Any CPU = Debug|Any CPU
		Release|Any CPU = Release|Any CPU
	EndGlobalSection
	GlobalSection(ProjectConfigurationPlatforms) = postSolution
		{D45A09A4-F7DB-4B3E-96C6-8DB8384D3CCD}.Debug|Any CPU.ActiveCfg = Debug|Any CPU
		{D45A09A4-F7DB-4B3E-96C6-8DB8384D3CCD}.Debug|Any CPU.Build.0 = Debug|Any CPU
		{D45A09A4-F7DB-4B3E-96C6-8DB8384D3CCD}.Release|Any CPU.ActiveCfg = Release|Any CPU
		{D45A09A4-F7DB-4B3E-96C6-8DB8384D3CCD}.Release|Any CPU.Build.0 = Release|Any CPU
		{36C73F5A-01B9-495C-8774-D7CE77ECEEB0}.Debug|Any CPU.ActiveCfg = Debug|Any CPU
		{36C73F5A-01B9-495C-8774-D7CE77ECEEB0}.Debug|Any CPU.Build.0 = Debug|Any CPU
		{36C73F5A-01B9-495C-8774-D7CE77ECEEB0}.Release|Any CPU.ActiveCfg = Release|Any CPU
		{36C73F5A-01B9-495C-8774-D7CE77ECEEB0}.Release|Any CPU.Build.0 = Release|Any CPU
	EndGlobalSection
	GlobalSection(SolutionProperties) = preSolution
		HideSolutionNode = FALSE
	EndGlobalSection
	GlobalSection(ExtensibilityGlobals) = postSolution
		SolutionGuid = {C9D2CB60-1D4D-4472-9F1F-AF937627FFF5}
	EndGlobalSection
EndGlobal
